
Microsoft Visual Studio Solution File, Format Version 12.00
# Visual Studio Version 17
VisualStudioVersion = 17.4.33110.190
MinimumVisualStudioVersion = 10.0.40219.1
Project("{9A19103F-16F7-4668-BE54-9A1E7A4F7556}") = "rename-method", "rename-method\rename-method.csproj", "{9E755181-27F8-4B56-A13A-142077524CBE}"
EndProject
Project("{9A19103F-16F7-4668-BE54-9A1E7A4F7556}") = "add-parameter", "add-parameter\add-parameter.csproj", "{C7BB8A2D-F4C4-426D-BC27-45FEC419C75F}"
EndProject
Project("{9A19103F-16F7-4668-BE54-9A1E7A4F7556}") = "remove-parameter", "remove-parameter\remove-parameter.csproj", "{EFB48D99-CEF4-4264-96FB-6E11B272F125}"
EndProject
Project("{9A19103F-16F7-4668-BE54-9A1E7A4F7556}") = "separate-query-from-modifier", "separate-query-from-modifier\separate-query-from-modifier.csproj", "{FECBC960-FD45-4D8B-B75E-A4899688D6B8}"
EndProject
Project("{9A19103F-16F7-4668-BE54-9A1E7A4F7556}") = "parameterize-method", "parameterize-method\parameterize-method.csproj", "{F42CF4D5-4230-44A7-9856-133B99FF4965}"
EndProject
Project("{9A19103F-16F7-4668-BE54-9A1E7A4F7556}") = "replace-parameter-with-explicit-methods", "replace-parameter-with-explicit-methods\replace-parameter-with-explicit-methods.csproj", "{A94544AB-A389-4F64-A509-19B436CAD711}"
EndProject
Project("{9A19103F-16F7-4668-BE54-9A1E7A4F7556}") = "preserve-whole-object", "preserve-whole-object\preserve-whole-object.csproj", "{6C0B9E4A-72E8-4BBA-80E9-DB43F8D56922}"
EndProject
Project("{9A19103F-16F7-4668-BE54-9A1E7A4F7556}") = "replace-parameter-with-method-call", "replace-parameter-with-method-call\replace-parameter-with-method-call.csproj", "{006EF3EF-678D-4508-B64E-9670F2EC09CC}"
EndProject
Project("{9A19103F-16F7-4668-BE54-9A1E7A4F7556}") = "introduce-parameter-object", "introduce-parameter-object\introduce-parameter-object.csproj", "{153F13BF-5C79-4760-8A0C-6AB90AD869CB}"
EndProject
Project("{9A19103F-16F7-4668-BE54-9A1E7A4F7556}") = "remove-setting-method", "remove-setting-method\remove-setting-method.csproj", "{902647F9-093B-492A-A237-582FB009E950}"
EndProject
Project("{9A19103F-16F7-4668-BE54-9A1E7A4F7556}") = "hide-method", "hide-method\hide-method.csproj", "{C35BCE3D-1601-41DE-B370-91DE13DF62B1}"
EndProject
Project("{FAE04EC0-301F-11D3-BF4B-00C04F79EFBC}") = "replace-constructor-with-factory-method", "replace-constructor-with-factory-method\replace-constructor-with-factory-method.csproj", "{0E90CA29-E215-429D-809F-160B56691E55}"
EndProject
Global
	GlobalSection(SolutionConfigurationPlatforms) = preSolution
		Debug|Any CPU = Debug|Any CPU
		Release|Any CPU = Release|Any CPU
	EndGlobalSection
	GlobalSection(ProjectConfigurationPlatforms) = postSolution
		{9E755181-27F8-4B56-A13A-142077524CBE}.Debug|Any CPU.ActiveCfg = Debug|Any CPU
		{9E755181-27F8-4B56-A13A-142077524CBE}.Debug|Any CPU.Build.0 = Debug|Any CPU
		{9E755181-27F8-4B56-A13A-142077524CBE}.Release|Any CPU.ActiveCfg = Release|Any CPU
		{9E755181-27F8-4B56-A13A-142077524CBE}.Release|Any CPU.Build.0 = Release|Any CPU
		{C7BB8A2D-F4C4-426D-BC27-45FEC419C75F}.Debug|Any CPU.ActiveCfg = Debug|Any CPU
		{C7BB8A2D-F4C4-426D-BC27-45FEC419C75F}.Debug|Any CPU.Build.0 = Debug|Any CPU
		{C7BB8A2D-F4C4-426D-BC27-45FEC419C75F}.Release|Any CPU.ActiveCfg = Release|Any CPU
		{C7BB8A2D-F4C4-426D-BC27-45FEC419C75F}.Release|Any CPU.Build.0 = Release|Any CPU
		{EFB48D99-CEF4-4264-96FB-6E11B272F125}.Debug|Any CPU.ActiveCfg = Debug|Any CPU
		{EFB48D99-CEF4-4264-96FB-6E11B272F125}.Debug|Any CPU.Build.0 = Debug|Any CPU
		{EFB48D99-CEF4-4264-96FB-6E11B272F125}.Release|Any CPU.ActiveCfg = Release|Any CPU
		{EFB48D99-CEF4-4264-96FB-6E11B272F125}.Release|Any CPU.Build.0 = Release|Any CPU
		{FECBC960-FD45-4D8B-B75E-A4899688D6B8}.Debug|Any CPU.ActiveCfg = Debug|Any CPU
		{FECBC960-FD45-4D8B-B75E-A4899688D6B8}.Debug|Any CPU.Build.0 = Debug|Any CPU
		{FECBC960-FD45-4D8B-B75E-A4899688D6B8}.Release|Any CPU.ActiveCfg = Release|Any CPU
		{FECBC960-FD45-4D8B-B75E-A4899688D6B8}.Release|Any CPU.Build.0 = Release|Any CPU
		{F42CF4D5-4230-44A7-9856-133B99FF4965}.Debug|Any CPU.ActiveCfg = Debug|Any CPU
		{F42CF4D5-4230-44A7-9856-133B99FF4965}.Debug|Any CPU.Build.0 = Debug|Any CPU
		{F42CF4D5-4230-44A7-9856-133B99FF4965}.Release|Any CPU.ActiveCfg = Release|Any CPU
		{F42CF4D5-4230-44A7-9856-133B99FF4965}.Release|Any CPU.Build.0 = Release|Any CPU
		{A94544AB-A389-4F64-A509-19B436CAD711}.Debug|Any CPU.ActiveCfg = Debug|Any CPU
		{A94544AB-A389-4F64-A509-19B436CAD711}.Debug|Any CPU.Build.0 = Debug|Any CPU
		{A94544AB-A389-4F64-A509-19B436CAD711}.Release|Any CPU.ActiveCfg = Release|Any CPU
		{A94544AB-A389-4F64-A509-19B436CAD711}.Release|Any CPU.Build.0 = Release|Any CPU
		{6C0B9E4A-72E8-4BBA-80E9-DB43F8D56922}.Debug|Any CPU.ActiveCfg = Debug|Any CPU
		{6C0B9E4A-72E8-4BBA-80E9-DB43F8D56922}.Debug|Any CPU.Build.0 = Debug|Any CPU
		{6C0B9E4A-72E8-4BBA-80E9-DB43F8D56922}.Release|Any CPU.ActiveCfg = Release|Any CPU
		{6C0B9E4A-72E8-4BBA-80E9-DB43F8D56922}.Release|Any CPU.Build.0 = Release|Any CPU
		{006EF3EF-678D-4508-B64E-9670F2EC09CC}.Debug|Any CPU.ActiveCfg = Debug|Any CPU
		{006EF3EF-678D-4508-B64E-9670F2EC09CC}.Debug|Any CPU.Build.0 = Debug|Any CPU
		{006EF3EF-678D-4508-B64E-9670F2EC09CC}.Release|Any CPU.ActiveCfg = Release|Any CPU
		{006EF3EF-678D-4508-B64E-9670F2EC09CC}.Release|Any CPU.Build.0 = Release|Any CPU
		{153F13BF-5C79-4760-8A0C-6AB90AD869CB}.Debug|Any CPU.ActiveCfg = Debug|Any CPU
		{153F13BF-5C79-4760-8A0C-6AB90AD869CB}.Debug|Any CPU.Build.0 = Debug|Any CPU
		{153F13BF-5C79-4760-8A0C-6AB90AD869CB}.Release|Any CPU.ActiveCfg = Release|Any CPU
		{153F13BF-5C79-4760-8A0C-6AB90AD869CB}.Release|Any CPU.Build.0 = Release|Any CPU
		{902647F9-093B-492A-A237-582FB009E950}.Debug|Any CPU.ActiveCfg = Debug|Any CPU
		{902647F9-093B-492A-A237-582FB009E950}.Debug|Any CPU.Build.0 = Debug|Any CPU
		{902647F9-093B-492A-A237-582FB009E950}.Release|Any CPU.ActiveCfg = Release|Any CPU
		{902647F9-093B-492A-A237-582FB009E950}.Release|Any CPU.Build.0 = Release|Any CPU
		{C35BCE3D-1601-41DE-B370-91DE13DF62B1}.Debug|Any CPU.ActiveCfg = Debug|Any CPU
		{C35BCE3D-1601-41DE-B370-91DE13DF62B1}.Debug|Any CPU.Build.0 = Debug|Any CPU
		{C35BCE3D-1601-41DE-B370-91DE13DF62B1}.Release|Any CPU.ActiveCfg = Release|Any CPU
		{C35BCE3D-1601-41DE-B370-91DE13DF62B1}.Release|Any CPU.Build.0 = Release|Any CPU
		{0E90CA29-E215-429D-809F-160B56691E55}.Debug|Any CPU.ActiveCfg = Debug|Any CPU
		{0E90CA29-E215-429D-809F-160B56691E55}.Debug|Any CPU.Build.0 = Debug|Any CPU
		{0E90CA29-E215-429D-809F-160B56691E55}.Release|Any CPU.ActiveCfg = Release|Any CPU
		{0E90CA29-E215-429D-809F-160B56691E55}.Release|Any CPU.Build.0 = Release|Any CPU
	EndGlobalSection
	GlobalSection(SolutionProperties) = preSolution
		HideSolutionNode = FALSE
	EndGlobalSection
	GlobalSection(ExtensibilityGlobals) = postSolution
		SolutionGuid = {CA975539-8E42-4362-BB72-D4C94363881A}
	EndGlobalSection
EndGlobal
